{
  "name": "@lakindudev/toren",
  "version": "1.0.8",
  "lockfileVersion": 3,
  "requires": true,
  "packages": {
    "": {
      "name": "@lakindudev/toren",
      "version": "1.0.8",
      "license": "MIT",
      "bin": {
        "toren": "bin/toren.js"
      },
      "engines": {
        "node": ">=18.0.0"
      }
    }
  }
}
